
Microsoft Visual Studio Solution File, Format Version 12.00
# Visual Studio Version 17
VisualStudioVersion = 17.9.34728.123
MinimumVisualStudioVersion = 10.0.40219.1
Project("{9A19103F-16F7-4668-BE54-9A1E7A4F7556}") = "Markdown.Core", "Markdown.Core\Markdown.Core.csproj", "{60BC68DA-A51D-4582-B750-00D23110C361}"
EndProject
Project("{9A19103F-16F7-4668-BE54-9A1E7A4F7556}") = "Markdown.Implementation", "Markdown.Implementation\Markdown.Implementation.csproj", "{387B943C-A046-4D81-A13B-49EBA696D6A2}"
EndProject
Project("{9A19103F-16F7-4668-BE54-9A1E7A4F7556}") = "Markdown.UnitTests", "Markdown.UnitTests\Markdown.UnitTests.csproj", "{C282BECF-80EF-4F55-BD75-D5E2D36CE10A}"
EndProject
Project("{FAE04EC0-301F-11D3-BF4B-00C04F79EFBC}") = "ConsoleApp2", "ConsoleApp2\ConsoleApp2.csproj", "{D2CE238B-96A6-4426-A6BA-60B5848CA496}"
EndProject
Global
	GlobalSection(SolutionConfigurationPlatforms) = preSolution
		Debug|Any CPU = Debug|Any CPU
		Release|Any CPU = Release|Any CPU
	EndGlobalSection
	GlobalSection(ProjectConfigurationPlatforms) = postSolution
		{60BC68DA-A51D-4582-B750-00D23110C361}.Debug|Any CPU.ActiveCfg = Debug|Any CPU
		{60BC68DA-A51D-4582-B750-00D23110C361}.Debug|Any CPU.Build.0 = Debug|Any CPU
		{60BC68DA-A51D-4582-B750-00D23110C361}.Release|Any CPU.ActiveCfg = Release|Any CPU
		{60BC68DA-A51D-4582-B750-00D23110C361}.Release|Any CPU.Build.0 = Release|Any CPU
		{387B943C-A046-4D81-A13B-49EBA696D6A2}.Debug|Any CPU.ActiveCfg = Debug|Any CPU
		{387B943C-A046-4D81-A13B-49EBA696D6A2}.Debug|Any CPU.Build.0 = Debug|Any CPU
		{387B943C-A046-4D81-A13B-49EBA696D6A2}.Release|Any CPU.ActiveCfg = Release|Any CPU
		{387B943C-A046-4D81-A13B-49EBA696D6A2}.Release|Any CPU.Build.0 = Release|Any CPU
		{C282BECF-80EF-4F55-BD75-D5E2D36CE10A}.Debug|Any CPU.ActiveCfg = Debug|Any CPU
		{C282BECF-80EF-4F55-BD75-D5E2D36CE10A}.Debug|Any CPU.Build.0 = Debug|Any CPU
		{C282BECF-80EF-4F55-BD75-D5E2D36CE10A}.Release|Any CPU.ActiveCfg = Release|Any CPU
		{C282BECF-80EF-4F55-BD75-D5E2D36CE10A}.Release|Any CPU.Build.0 = Release|Any CPU
		{D2CE238B-96A6-4426-A6BA-60B5848CA496}.Debug|Any CPU.ActiveCfg = Debug|Any CPU
		{D2CE238B-96A6-4426-A6BA-60B5848CA496}.Debug|Any CPU.Build.0 = Debug|Any CPU
		{D2CE238B-96A6-4426-A6BA-60B5848CA496}.Release|Any CPU.ActiveCfg = Release|Any CPU
		{D2CE238B-96A6-4426-A6BA-60B5848CA496}.Release|Any CPU.Build.0 = Release|Any CPU
	EndGlobalSection
	GlobalSection(SolutionProperties) = preSolution
		HideSolutionNode = FALSE
	EndGlobalSection
	GlobalSection(ExtensibilityGlobals) = postSolution
		SolutionGuid = {F59D3A6C-687D-497A-9047-66CBCB7F1C4F}
	EndGlobalSection
EndGlobal
